<Solution>
  <Folder Name="/src/">
    <Project Path="src/TadoNetApi.Application/TadoNetApi.Application.csproj" />
    <Project Path="src/TadoNetApi.Domain/TadoNetApi.Domain.csproj" />
    <Project Path="src/TadoNetApi.Infrastructure/TadoNetApi.Infrastructure.csproj" />
    <Project Path="src/TadoNetApi.Playground/TadoNetApi.Playground.csproj" />
  </Folder>
  <Project Path="tests/tests.csproj" />
</Solution>
